
Microsoft Visual Studio Solution File, Format Version 12.00
# Visual Studio 2012
Project("{FAE04EC0-301F-11D3-BF4B-00C04F79EFBC}") = "Utils", "Utils\Utils.csproj", "{04A3FF83-F1B6-4BCD-94F5-686B114CCC41}"
EndProject
Project("{FAE04EC0-301F-11D3-BF4B-00C04F79EFBC}") = "Utils.iOS", "Utils.iOS\Utils.iOS.csproj", "{4C98B2BA-6B18-447E-9992-D3646CE23031}"
EndProject
Project("{FAE04EC0-301F-11D3-BF4B-00C04F79EFBC}") = "Utils.Droid", "Utils.Droid\Utils.Droid.csproj", "{C6ABB433-F928-4308-8634-70A0EA0C0096}"
EndProject
Global
	GlobalSection(SolutionConfigurationPlatforms) = preSolution
		Debug|Any CPU = Debug|Any CPU
		Release|Any CPU = Release|Any CPU
	EndGlobalSection
	GlobalSection(ProjectConfigurationPlatforms) = postSolution
		{04A3FF83-F1B6-4BCD-94F5-686B114CCC41}.Debug|Any CPU.ActiveCfg = Debug|Any CPU
		{04A3FF83-F1B6-4BCD-94F5-686B114CCC41}.Debug|Any CPU.Build.0 = Debug|Any CPU
		{04A3FF83-F1B6-4BCD-94F5-686B114CCC41}.Release|Any CPU.ActiveCfg = Release|Any CPU
		{04A3FF83-F1B6-4BCD-94F5-686B114CCC41}.Release|Any CPU.Build.0 = Release|Any CPU
		{4C98B2BA-6B18-447E-9992-D3646CE23031}.Debug|Any CPU.ActiveCfg = Debug|Any CPU
		{4C98B2BA-6B18-447E-9992-D3646CE23031}.Debug|Any CPU.Build.0 = Debug|Any CPU
		{4C98B2BA-6B18-447E-9992-D3646CE23031}.Release|Any CPU.ActiveCfg = Release|Any CPU
		{4C98B2BA-6B18-447E-9992-D3646CE23031}.Release|Any CPU.Build.0 = Release|Any CPU
		{C6ABB433-F928-4308-8634-70A0EA0C0096}.Debug|Any CPU.ActiveCfg = Debug|Any CPU
		{C6ABB433-F928-4308-8634-70A0EA0C0096}.Debug|Any CPU.Build.0 = Debug|Any CPU
		{C6ABB433-F928-4308-8634-70A0EA0C0096}.Release|Any CPU.ActiveCfg = Release|Any CPU
		{C6ABB433-F928-4308-8634-70A0EA0C0096}.Release|Any CPU.Build.0 = Release|Any CPU
	EndGlobalSection
EndGlobal
